
Microsoft Visual Studio Solution File, Format Version 12.00
# Visual Studio 15
VisualStudioVersion = 15.0.28307.1082
MinimumVisualStudioVersion = 10.0.40219.1
Project("{FAE04EC0-301F-11D3-BF4B-00C04F79EFBC}") = "AppCountry.Android", "AppCountry\AppCountry.Android\AppCountry.Android.csproj", "{AC324FD9-3E00-4C1F-9176-0B73727E906E}"
EndProject
Project("{FAE04EC0-301F-11D3-BF4B-00C04F79EFBC}") = "AppCountry.iOS", "AppCountry\AppCountry.iOS\AppCountry.iOS.csproj", "{146E3D5A-7669-440A-8B4A-1F1E770531EE}"
EndProject
Project("{FAE04EC0-301F-11D3-BF4B-00C04F79EFBC}") = "AppCountry", "AppCountry\AppCountry\AppCountry.csproj", "{97A7D488-CA3C-4546-8960-F29A63418D75}"
EndProject
Global
	GlobalSection(SolutionConfigurationPlatforms) = preSolution
		Ad-Hoc|Any CPU = Ad-Hoc|Any CPU
		Ad-Hoc|iPhone = Ad-Hoc|iPhone
		Ad-Hoc|iPhoneSimulator = Ad-Hoc|iPhoneSimulator
		AppStore|Any CPU = AppStore|Any CPU
		AppStore|iPhone = AppStore|iPhone
		AppStore|iPhoneSimulator = AppStore|iPhoneSimulator
		Debug|Any CPU = Debug|Any CPU
		Debug|iPhone = Debug|iPhone
		Debug|iPhoneSimulator = Debug|iPhoneSimulator
		Release|Any CPU = Release|Any CPU
		Release|iPhone = Release|iPhone
		Release|iPhoneSimulator = Release|iPhoneSimulator
	EndGlobalSection
	GlobalSection(ProjectConfigurationPlatforms) = postSolution
		{AC324FD9-3E00-4C1F-9176-0B73727E906E}.Ad-Hoc|Any CPU.ActiveCfg = Release|Any CPU
		{AC324FD9-3E00-4C1F-9176-0B73727E906E}.Ad-Hoc|Any CPU.Build.0 = Release|Any CPU
		{AC324FD9-3E00-4C1F-9176-0B73727E906E}.Ad-Hoc|Any CPU.Deploy.0 = Release|Any CPU
		{AC324FD9-3E00-4C1F-9176-0B73727E906E}.Ad-Hoc|iPhone.ActiveCfg = Release|Any CPU
		{AC324FD9-3E00-4C1F-9176-0B73727E906E}.Ad-Hoc|iPhone.Build.0 = Release|Any CPU
		{AC324FD9-3E00-4C1F-9176-0B73727E906E}.Ad-Hoc|iPhone.Deploy.0 = Release|Any CPU
		{AC324FD9-3E00-4C1F-9176-0B73727E906E}.Ad-Hoc|iPhoneSimulator.ActiveCfg = Release|Any CPU
		{AC324FD9-3E00-4C1F-9176-0B73727E906E}.Ad-Hoc|iPhoneSimulator.Build.0 = Release|Any CPU
		{AC324FD9-3E00-4C1F-9176-0B73727E906E}.Ad-Hoc|iPhoneSimulator.Deploy.0 = Release|Any CPU
		{AC324FD9-3E00-4C1F-9176-0B73727E906E}.AppStore|Any CPU.ActiveCfg = Release|Any CPU
		{AC324FD9-3E00-4C1F-9176-0B73727E906E}.AppStore|Any CPU.Build.0 = Release|Any CPU
		{AC324FD9-3E00-4C1F-9176-0B73727E906E}.AppStore|Any CPU.Deploy.0 = Release|Any CPU
		{AC324FD9-3E00-4C1F-9176-0B73727E906E}.AppStore|iPhone.ActiveCfg = Release|Any CPU
		{AC324FD9-3E00-4C1F-9176-0B73727E906E}.AppStore|iPhone.Build.0 = Release|Any CPU
		{AC324FD9-3E00-4C1F-9176-0B73727E906E}.AppStore|iPhone.Deploy.0 = Release|Any CPU
		{AC324FD9-3E00-4C1F-9176-0B73727E906E}.AppStore|iPhoneSimulator.ActiveCfg = Release|Any CPU
		{AC324FD9-3E00-4C1F-9176-0B73727E906E}.AppStore|iPhoneSimulator.Build.0 = Release|Any CPU
		{AC324FD9-3E00-4C1F-9176-0B73727E906E}.AppStore|iPhoneSimulator.Deploy.0 = Release|Any CPU
		{AC324FD9-3E00-4C1F-9176-0B73727E906E}.Debug|Any CPU.ActiveCfg = Debug|Any CPU
		{AC324FD9-3E00-4C1F-9176-0B73727E906E}.Debug|Any CPU.Build.0 = Debug|Any CPU
		{AC324FD9-3E00-4C1F-9176-0B73727E906E}.Debug|Any CPU.Deploy.0 = Debug|Any CPU
		{AC324FD9-3E00-4C1F-9176-0B73727E906E}.Debug|iPhone.ActiveCfg = Debug|Any CPU
		{AC324FD9-3E00-4C1F-9176-0B73727E906E}.Debug|iPhone.Build.0 = Debug|Any CPU
		{AC324FD9-3E00-4C1F-9176-0B73727E906E}.Debug|iPhone.Deploy.0 = Debug|Any CPU
		{AC324FD9-3E00-4C1F-9176-0B73727E906E}.Debug|iPhoneSimulator.ActiveCfg = Debug|Any CPU
		{AC324FD9-3E00-4C1F-9176-0B73727E906E}.Debug|iPhoneSimulator.Build.0 = Debug|Any CPU
		{AC324FD9-3E00-4C1F-9176-0B73727E906E}.Debug|iPhoneSimulator.Deploy.0 = Debug|Any CPU
		{AC324FD9-3E00-4C1F-9176-0B73727E906E}.Release|Any CPU.ActiveCfg = Release|Any CPU
		{AC324FD9-3E00-4C1F-9176-0B73727E906E}.Release|Any CPU.Build.0 = Release|Any CPU
		{AC324FD9-3E00-4C1F-9176-0B73727E906E}.Release|Any CPU.Deploy.0 = Release|Any CPU
		{AC324FD9-3E00-4C1F-9176-0B73727E906E}.Release|iPhone.ActiveCfg = Release|Any CPU
		{AC324FD9-3E00-4C1F-9176-0B73727E906E}.Release|iPhone.Build.0 = Release|Any CPU
		{AC324FD9-3E00-4C1F-9176-0B73727E906E}.Release|iPhone.Deploy.0 = Release|Any CPU
		{AC324FD9-3E00-4C1F-9176-0B73727E906E}.Release|iPhoneSimulator.ActiveCfg = Release|Any CPU
		{AC324FD9-3E00-4C1F-9176-0B73727E906E}.Release|iPhoneSimulator.Build.0 = Release|Any CPU
		{AC324FD9-3E00-4C1F-9176-0B73727E906E}.Release|iPhoneSimulator.Deploy.0 = Release|Any CPU
		{146E3D5A-7669-440A-8B4A-1F1E770531EE}.Ad-Hoc|Any CPU.ActiveCfg = Ad-Hoc|iPhone
		{146E3D5A-7669-440A-8B4A-1F1E770531EE}.Ad-Hoc|Any CPU.Build.0 = Ad-Hoc|iPhone
		{146E3D5A-7669-440A-8B4A-1F1E770531EE}.Ad-Hoc|Any CPU.Deploy.0 = Ad-Hoc|iPhone
		{146E3D5A-7669-440A-8B4A-1F1E770531EE}.Ad-Hoc|iPhone.ActiveCfg = Ad-Hoc|iPhone
		{146E3D5A-7669-440A-8B4A-1F1E770531EE}.Ad-Hoc|iPhone.Build.0 = Ad-Hoc|iPhone
		{146E3D5A-7669-440A-8B4A-1F1E770531EE}.Ad-Hoc|iPhone.Deploy.0 = Ad-Hoc|iPhone
		{146E3D5A-7669-440A-8B4A-1F1E770531EE}.Ad-Hoc|iPhoneSimulator.ActiveCfg = Ad-Hoc|iPhoneSimulator
		{146E3D5A-7669-440A-8B4A-1F1E770531EE}.Ad-Hoc|iPhoneSimulator.Build.0 = Ad-Hoc|iPhoneSimulator
		{146E3D5A-7669-440A-8B4A-1F1E770531EE}.Ad-Hoc|iPhoneSimulator.Deploy.0 = Ad-Hoc|iPhoneSimulator
		{146E3D5A-7669-440A-8B4A-1F1E770531EE}.AppStore|Any CPU.ActiveCfg = AppStore|iPhone
		{146E3D5A-7669-440A-8B4A-1F1E770531EE}.AppStore|Any CPU.Build.0 = AppStore|iPhone
		{146E3D5A-7669-440A-8B4A-1F1E770531EE}.AppStore|Any CPU.Deploy.0 = AppStore|iPhone
		{146E3D5A-7669-440A-8B4A-1F1E770531EE}.AppStore|iPhone.ActiveCfg = AppStore|iPhone
		{146E3D5A-7669-440A-8B4A-1F1E770531EE}.AppStore|iPhone.Build.0 = AppStore|iPhone
		{146E3D5A-7669-440A-8B4A-1F1E770531EE}.AppStore|iPhone.Deploy.0 = AppStore|iPhone
		{146E3D5A-7669-440A-8B4A-1F1E770531EE}.AppStore|iPhoneSimulator.ActiveCfg = AppStore|iPhoneSimulator
		{146E3D5A-7669-440A-8B4A-1F1E770531EE}.AppStore|iPhoneSimulator.Build.0 = AppStore|iPhoneSimulator
		{146E3D5A-7669-440A-8B4A-1F1E770531EE}.AppStore|iPhoneSimulator.Deploy.0 = AppStore|iPhoneSimulator
		{146E3D5A-7669-440A-8B4A-1F1E770531EE}.Debug|Any CPU.ActiveCfg = Debug|iPhoneSimulator
		{146E3D5A-7669-440A-8B4A-1F1E770531EE}.Debug|Any CPU.Build.0 = Debug|iPhoneSimulator
		{146E3D5A-7669-440A-8B4A-1F1E770531EE}.Debug|Any CPU.Deploy.0 = Debug|iPhoneSimulator
		{146E3D5A-7669-440A-8B4A-1F1E770531EE}.Debug|iPhone.ActiveCfg = Debug|iPhone
		{146E3D5A-7669-440A-8B4A-1F1E770531EE}.Debug|iPhone.Build.0 = Debug|iPhone
		{146E3D5A-7669-440A-8B4A-1F1E770531EE}.Debug|iPhone.Deploy.0 = Debug|iPhone
		{146E3D5A-7669-440A-8B4A-1F1E770531EE}.Debug|iPhoneSimulator.ActiveCfg = Debug|iPhoneSimulator
		{146E3D5A-7669-440A-8B4A-1F1E770531EE}.Debug|iPhoneSimulator.Build.0 = Debug|iPhoneSimulator
		{146E3D5A-7669-440A-8B4A-1F1E770531EE}.Debug|iPhoneSimulator.Deploy.0 = Debug|iPhoneSimulator
		{146E3D5A-7669-440A-8B4A-1F1E770531EE}.Release|Any CPU.ActiveCfg = Release|iPhone
		{146E3D5A-7669-440A-8B4A-1F1E770531EE}.Release|Any CPU.Build.0 = Release|iPhone
		{146E3D5A-7669-440A-8B4A-1F1E770531EE}.Release|Any CPU.Deploy.0 = Release|iPhone
		{146E3D5A-7669-440A-8B4A-1F1E770531EE}.Release|iPhone.ActiveCfg = Release|iPhone
		{146E3D5A-7669-440A-8B4A-1F1E770531EE}.Release|iPhone.Build.0 = Release|iPhone
		{146E3D5A-7669-440A-8B4A-1F1E770531EE}.Release|iPhone.Deploy.0 = Release|iPhone
		{146E3D5A-7669-440A-8B4A-1F1E770531EE}.Release|iPhoneSimulator.ActiveCfg = Release|iPhoneSimulator
		{146E3D5A-7669-440A-8B4A-1F1E770531EE}.Release|iPhoneSimulator.Build.0 = Release|iPhoneSimulator
		{146E3D5A-7669-440A-8B4A-1F1E770531EE}.Release|iPhoneSimulator.Deploy.0 = Release|iPhoneSimulator
		{97A7D488-CA3C-4546-8960-F29A63418D75}.Ad-Hoc|Any CPU.ActiveCfg = Debug|Any CPU
		{97A7D488-CA3C-4546-8960-F29A63418D75}.Ad-Hoc|Any CPU.Build.0 = Debug|Any CPU
		{97A7D488-CA3C-4546-8960-F29A63418D75}.Ad-Hoc|Any CPU.Deploy.0 = Debug|Any CPU
		{97A7D488-CA3C-4546-8960-F29A63418D75}.Ad-Hoc|iPhone.ActiveCfg = Debug|Any CPU
		{97A7D488-CA3C-4546-8960-F29A63418D75}.Ad-Hoc|iPhone.Build.0 = Debug|Any CPU
		{97A7D488-CA3C-4546-8960-F29A63418D75}.Ad-Hoc|iPhone.Deploy.0 = Debug|Any CPU
		{97A7D488-CA3C-4546-8960-F29A63418D75}.Ad-Hoc|iPhoneSimulator.ActiveCfg = Debug|Any CPU
		{97A7D488-CA3C-4546-8960-F29A63418D75}.Ad-Hoc|iPhoneSimulator.Build.0 = Debug|Any CPU
		{97A7D488-CA3C-4546-8960-F29A63418D75}.Ad-Hoc|iPhoneSimulator.Deploy.0 = Debug|Any CPU
		{97A7D488-CA3C-4546-8960-F29A63418D75}.AppStore|Any CPU.ActiveCfg = Debug|Any CPU
		{97A7D488-CA3C-4546-8960-F29A63418D75}.AppStore|Any CPU.Build.0 = Debug|Any CPU
		{97A7D488-CA3C-4546-8960-F29A63418D75}.AppStore|Any CPU.Deploy.0 = Debug|Any CPU
		{97A7D488-CA3C-4546-8960-F29A63418D75}.AppStore|iPhone.ActiveCfg = Debug|Any CPU
		{97A7D488-CA3C-4546-8960-F29A63418D75}.AppStore|iPhone.Build.0 = Debug|Any CPU
		{97A7D488-CA3C-4546-8960-F29A63418D75}.AppStore|iPhone.Deploy.0 = Debug|Any CPU
		{97A7D488-CA3C-4546-8960-F29A63418D75}.AppStore|iPhoneSimulator.ActiveCfg = Debug|Any CPU
		{97A7D488-CA3C-4546-8960-F29A63418D75}.AppStore|iPhoneSimulator.Build.0 = Debug|Any CPU
		{97A7D488-CA3C-4546-8960-F29A63418D75}.AppStore|iPhoneSimulator.Deploy.0 = Debug|Any CPU
		{97A7D488-CA3C-4546-8960-F29A63418D75}.Debug|Any CPU.ActiveCfg = Debug|Any CPU
		{97A7D488-CA3C-4546-8960-F29A63418D75}.Debug|Any CPU.Build.0 = Debug|Any CPU
		{97A7D488-CA3C-4546-8960-F29A63418D75}.Debug|Any CPU.Deploy.0 = Debug|Any CPU
		{97A7D488-CA3C-4546-8960-F29A63418D75}.Debug|iPhone.ActiveCfg = Debug|Any CPU
		{97A7D488-CA3C-4546-8960-F29A63418D75}.Debug|iPhone.Build.0 = Debug|Any CPU
		{97A7D488-CA3C-4546-8960-F29A63418D75}.Debug|iPhone.Deploy.0 = Debug|Any CPU
		{97A7D488-CA3C-4546-8960-F29A63418D75}.Debug|iPhoneSimulator.ActiveCfg = Debug|Any CPU
		{97A7D488-CA3C-4546-8960-F29A63418D75}.Debug|iPhoneSimulator.Build.0 = Debug|Any CPU
		{97A7D488-CA3C-4546-8960-F29A63418D75}.Debug|iPhoneSimulator.Deploy.0 = Debug|Any CPU
		{97A7D488-CA3C-4546-8960-F29A63418D75}.Release|Any CPU.ActiveCfg = Release|Any CPU
		{97A7D488-CA3C-4546-8960-F29A63418D75}.Release|Any CPU.Build.0 = Release|Any CPU
		{97A7D488-CA3C-4546-8960-F29A63418D75}.Release|Any CPU.Deploy.0 = Release|Any CPU
		{97A7D488-CA3C-4546-8960-F29A63418D75}.Release|iPhone.ActiveCfg = Release|Any CPU
		{97A7D488-CA3C-4546-8960-F29A63418D75}.Release|iPhone.Build.0 = Release|Any CPU
		{97A7D488-CA3C-4546-8960-F29A63418D75}.Release|iPhone.Deploy.0 = Release|Any CPU
		{97A7D488-CA3C-4546-8960-F29A63418D75}.Release|iPhoneSimulator.ActiveCfg = Release|Any CPU
		{97A7D488-CA3C-4546-8960-F29A63418D75}.Release|iPhoneSimulator.Build.0 = Release|Any CPU
		{97A7D488-CA3C-4546-8960-F29A63418D75}.Release|iPhoneSimulator.Deploy.0 = Release|Any CPU
	EndGlobalSection
	GlobalSection(SolutionProperties) = preSolution
		HideSolutionNode = FALSE
	EndGlobalSection
	GlobalSection(ExtensibilityGlobals) = postSolution
		SolutionGuid = {DEA17A37-F278-467E-A1A7-AD97FF27B9EF}
	EndGlobalSection
EndGlobal
